
Microsoft Visual Studio Solution File, Format Version 12.00
# Visual Studio Version 17
VisualStudioVersion = 17.0.32014.148
MinimumVisualStudioVersion = 10.0.40219.1
Project("{FAE04EC0-301F-11D3-BF4B-00C04F79EFBC}") = "Sixpence.ORM", "Sixpence.ORM.csproj", "{A3DC3A05-7320-4510-8A47-47AEDACFFAF4}"
EndProject
Global
	GlobalSection(SolutionConfigurationPlatforms) = preSolution
		Debug|Any CPU = Debug|Any CPU
		Release|Any CPU = Release|Any CPU
	EndGlobalSection
	GlobalSection(ProjectConfigurationPlatforms) = postSolution
		{A3DC3A05-7320-4510-8A47-47AEDACFFAF4}.Debug|Any CPU.ActiveCfg = Debug|Any CPU
		{A3DC3A05-7320-4510-8A47-47AEDACFFAF4}.Debug|Any CPU.Build.0 = Debug|Any CPU
		{A3DC3A05-7320-4510-8A47-47AEDACFFAF4}.Release|Any CPU.ActiveCfg = Release|Any CPU
		{A3DC3A05-7320-4510-8A47-47AEDACFFAF4}.Release|Any CPU.Build.0 = Release|Any CPU
	EndGlobalSection
	GlobalSection(SolutionProperties) = preSolution
		HideSolutionNode = FALSE
	EndGlobalSection
	GlobalSection(ExtensibilityGlobals) = postSolution
		SolutionGuid = {52846A72-077A-424B-B504-C7B1C3E3A8C1}
	EndGlobalSection
EndGlobal
